<?xml version="1.0" encoding="utf-8"?>
<Project ToolsVersion="4.0" xmlns="http://schemas.microsoft.com/developer/msbuild/2003">
  <ItemGroup>
    <Filter Include="리소스 파일">
      <UniqueIdentifier>{67DA6AB6-F800-4c08-8B7A-83BB121AAD01}</UniqueIdentifier>
      <Extensions>rc;ico;cur;bmp;dlg;rc2;rct;bin;rgs;gif;jpg;jpeg;jpe;resx;tiff;tif;png;wav;mfcribbon-ms</Extensions>
    </Filter>
    <Filter Include="소스 파일">
      <UniqueIdentifier>{4FC737F1-C7A5-4376-A066-2A32D752A2FF}</UniqueIdentifier>
      <Extensions>cpp;c;cc;cxx;def;odl;idl;hpj;bat;asm;asmx</Extensions>
    </Filter>
    <Filter Include="헤더 파일">
      <UniqueIdentifier>{93995380-89BD-4b04-88EB-625FBE52EBFB}</UniqueIdentifier>
      <Extensions>h;hh;hpp;hxx;hm;inl;inc;xsd</Extensions>
    </Filter>
  </ItemGroup>
  <ItemGroup>
    <ClInclude Include="targetver.h">
      <Filter>헤더 파일</Filter>
    </ClInclude>
    <ClInclude Include="resource.h">
      <Filter>헤더 파일</Filter>
    </ClInclude>
    <ClInclude Include="stdafx.h">
      <Filter>헤더 파일</Filter>
    </ClInclude>
    <ClInclude Include="Dx3D.h">
      <Filter>헤더 파일</Filter>
    </ClInclude>
    <ClInclude Include="001.Manager\000.System\cBroadcastManager.h">
      <Filter>헤더 파일</Filter>
    </ClInclude>
    <ClInclude Include="001.Manager\000.System\cDeviceManager.h">
      <Filter>헤더 파일</Filter>
    </ClInclude>
    <ClInclude Include="001.Manager\000.System\cEventManager.h">
      <Filter>헤더 파일</Filter>
    </ClInclude>
    <ClInclude Include="001.Manager\000.System\cKeyManager.h">
      <Filter>헤더 파일</Filter>
    </ClInclude>
    <ClInclude Include="001.Manager\000.System\cLogManager.h">
      <Filter>헤더 파일</Filter>
    </ClInclude>
    <ClInclude Include="001.Manager\000.System\cSceneManager.h">
      <Filter>헤더 파일</Filter>
    </ClInclude>
    <ClInclude Include="001.Manager\000.System\cTimerManager.h">
      <Filter>헤더 파일</Filter>
    </ClInclude>
    <ClInclude Include="001.Manager\001.Resource\cFontManager.h">
      <Filter>헤더 파일</Filter>
    </ClInclude>
    <ClInclude Include="001.Manager\001.Resource\cMeshManager.h">
      <Filter>헤더 파일</Filter>
    </ClInclude>
    <ClInclude Include="001.Manager\001.Resource\cObjectManager.h">
      <Filter>헤더 파일</Filter>
    </ClInclude>
    <ClInclude Include="001.Manager\001.Resource\cShaderManager.h">
      <Filter>헤더 파일</Filter>
    </ClInclude>
    <ClInclude Include="001.Manager\001.Resource\cSoundManager.h">
      <Filter>헤더 파일</Filter>
    </ClInclude>
    <ClInclude Include="001.Manager\001.Resource\cTextureManager.h">
      <Filter>헤더 파일</Filter>
    </ClInclude>
    <ClInclude Include="Assets\MultiAnimation.hpp">
      <Filter>헤더 파일</Filter>
    </ClInclude>
    <ClInclude Include="004.ExtLib\json.hpp">
      <Filter>헤더 파일</Filter>
    </ClInclude>
    <ClInclude Include="000.Interface\iCamera.h">
      <Filter>헤더 파일</Filter>
    </ClInclude>
    <ClInclude Include="000.Interface\iCharacterObject.h">
      <Filter>헤더 파일</Filter>
    </ClInclude>
    <ClInclude Include="000.Interface\iGameObject.h">
      <Filter>헤더 파일</Filter>
    </ClInclude>
    <ClInclude Include="000.Interface\iMap.h">
      <Filter>헤더 파일</Filter>
    </ClInclude>
    <ClInclude Include="000.Interface\iObject.h">
      <Filter>헤더 파일</Filter>
    </ClInclude>
    <ClInclude Include="000.Interface\iObserver.h">
      <Filter>헤더 파일</Filter>
    </ClInclude>
    <ClInclude Include="000.Interface\iProjectileObject.h">
      <Filter>헤더 파일</Filter>
    </ClInclude>
    <ClInclude Include="000.Interface\iSceneObject.h">
      <Filter>헤더 파일</Filter>
    </ClInclude>
    <ClInclude Include="000.Interface\iUIObject.h">
      <Filter>헤더 파일</Filter>
    </ClInclude>
    <ClInclude Include="001.Manager\001.Resource\cLightManager.h">
      <Filter>헤더 파일</Filter>
    </ClInclude>
    <ClInclude Include="001.Manager\000.System\cCameraManager.h">
      <Filter>헤더 파일</Filter>
    </ClInclude>
    <ClInclude Include="cParticle.h">
      <Filter>헤더 파일</Filter>
    </ClInclude>
    <ClInclude Include="cParticleExplosion.h">
      <Filter>헤더 파일</Filter>
    </ClInclude>
    <ClInclude Include="005.UI\cUIButton.h">
      <Filter>헤더 파일</Filter>
    </ClInclude>
    <ClInclude Include="005.UI\cUIImageView.h">
      <Filter>헤더 파일</Filter>
    </ClInclude>
    <ClInclude Include="005.UI\cUILayer.h">
      <Filter>헤더 파일</Filter>
    </ClInclude>
    <ClInclude Include="005.UI\cUiLayerConversation.h">
      <Filter>헤더 파일</Filter>
    </ClInclude>
    <ClInclude Include="005.UI\cUIObject.h">
      <Filter>헤더 파일</Filter>
    </ClInclude>
    <ClInclude Include="005.UI\cUIProgressBar.h">
      <Filter>헤더 파일</Filter>
    </ClInclude>
    <ClInclude Include="005.UI\cUITextView.h">
      <Filter>헤더 파일</Filter>
    </ClInclude>
    <ClInclude Include="000.Interface\iUILayer.h">
      <Filter>헤더 파일</Filter>
    </ClInclude>
    <ClInclude Include="000.Define-Macros\DefineMacro.h">
      <Filter>헤더 파일</Filter>
    </ClInclude>
    <ClInclude Include="000.Define-Macros\DataStructure.h">
      <Filter>헤더 파일</Filter>
    </ClInclude>
    <ClInclude Include="000.Define-Macros\InlineMacro.h">
      <Filter>헤더 파일</Filter>
    </ClInclude>
    <ClInclude Include="000.Interface\iSingletonManager.h">
      <Filter>헤더 파일</Filter>
    </ClInclude>
    <ClInclude Include="001.Manager\001.Resource\cMaterialManager.h">
      <Filter>헤더 파일</Filter>
    </ClInclude>
    <ClInclude Include="002.System\cAdo.h">
      <Filter>헤더 파일</Filter>
    </ClInclude>
    <ClInclude Include="002.System\cAllocateHierarchy.h">
      <Filter>헤더 파일</Filter>
    </ClInclude>
    <ClInclude Include="002.System\cAutoReleasePool.h">
      <Filter>헤더 파일</Filter>
    </ClInclude>
    <ClInclude Include="002.System\cCamera.h">
      <Filter>헤더 파일</Filter>
    </ClInclude>
    <ClInclude Include="002.System\cMainGame.h">
      <Filter>헤더 파일</Filter>
    </ClInclude>
    <ClInclude Include="003.Object\cFrustum.h">
      <Filter>헤더 파일</Filter>
    </ClInclude>
    <ClInclude Include="003.Object\cGameObject.h">
      <Filter>헤더 파일</Filter>
    </ClInclude>
    <ClInclude Include="003.Object\cObject.h">
      <Filter>헤더 파일</Filter>
    </ClInclude>
    <ClInclude Include="003.Object\cRay.h">
      <Filter>헤더 파일</Filter>
    </ClInclude>
    <ClInclude Include="003.Object\cSkinnedMesh.h">
      <Filter>헤더 파일</Filter>
    </ClInclude>
    <ClInclude Include="003.Object\cSoundObject.h">
      <Filter>헤더 파일</Filter>
    </ClInclude>
    <ClInclude Include="003.Repository\000.Model\cCharacterModel.h">
      <Filter>헤더 파일</Filter>
    </ClInclude>
    <ClInclude Include="003.Repository\001.Repository\cCharacterRepository.h">
      <Filter>헤더 파일</Filter>
    </ClInclude>
    <ClInclude Include="001.Manager\000.System\cDbManager.h">
      <Filter>헤더 파일</Filter>
    </ClInclude>
    <ClInclude Include="003.Object\cMeshLoader.h">
      <Filter>헤더 파일</Filter>
    </ClInclude>
    <ClInclude Include="003.Object\cUnitObject.h">
      <Filter>헤더 파일</Filter>
    </ClInclude>
  </ItemGroup>
  <ItemGroup>
    <ClCompile Include="Dx3D.cpp">
      <Filter>소스 파일</Filter>
    </ClCompile>
    <ClCompile Include="stdafx.cpp">
      <Filter>소스 파일</Filter>
    </ClCompile>
    <ClCompile Include="001.Manager\000.System\cBroadcastManager.cpp">
      <Filter>소스 파일</Filter>
    </ClCompile>
    <ClCompile Include="001.Manager\000.System\cDeviceManager.cpp">
      <Filter>소스 파일</Filter>
    </ClCompile>
    <ClCompile Include="001.Manager\000.System\cEventManager.cpp">
      <Filter>소스 파일</Filter>
    </ClCompile>
    <ClCompile Include="001.Manager\000.System\cKeyManager.cpp">
      <Filter>소스 파일</Filter>
    </ClCompile>
    <ClCompile Include="001.Manager\000.System\cLogManager.cpp">
      <Filter>소스 파일</Filter>
    </ClCompile>
    <ClCompile Include="001.Manager\000.System\cSceneManager.cpp">
      <Filter>소스 파일</Filter>
    </ClCompile>
    <ClCompile Include="001.Manager\000.System\cTimerManager.cpp">
      <Filter>소스 파일</Filter>
    </ClCompile>
    <ClCompile Include="001.Manager\001.Resource\cFontManager.cpp">
      <Filter>소스 파일</Filter>
    </ClCompile>
    <ClCompile Include="001.Manager\001.Resource\cMeshManager.cpp">
      <Filter>소스 파일</Filter>
    </ClCompile>
    <ClCompile Include="001.Manager\001.Resource\cObjectManager.cpp">
      <Filter>소스 파일</Filter>
    </ClCompile>
    <ClCompile Include="001.Manager\001.Resource\cShaderManager.cpp">
      <Filter>소스 파일</Filter>
    </ClCompile>
    <ClCompile Include="001.Manager\001.Resource\cSoundManager.cpp">
      <Filter>소스 파일</Filter>
    </ClCompile>
    <ClCompile Include="001.Manager\001.Resource\cTextureManager.cpp">
      <Filter>소스 파일</Filter>
    </ClCompile>
    <ClCompile Include="001.Manager\001.Resource\cLightManager.cpp">
      <Filter>소스 파일</Filter>
    </ClCompile>
    <ClCompile Include="001.Manager\000.System\cCameraManager.cpp">
      <Filter>소스 파일</Filter>
    </ClCompile>
    <ClCompile Include="cParticle.cpp">
      <Filter>소스 파일</Filter>
    </ClCompile>
    <ClCompile Include="cParticleExplosion.cpp">
      <Filter>소스 파일</Filter>
    </ClCompile>
    <ClCompile Include="005.UI\cUIButton.cpp">
      <Filter>소스 파일</Filter>
    </ClCompile>
    <ClCompile Include="005.UI\cUIImageView.cpp">
      <Filter>소스 파일</Filter>
    </ClCompile>
    <ClCompile Include="005.UI\cUILayer.cpp">
      <Filter>소스 파일</Filter>
    </ClCompile>
    <ClCompile Include="005.UI\cUiLayerConversation.cpp">
      <Filter>소스 파일</Filter>
    </ClCompile>
    <ClCompile Include="005.UI\cUIObject.cpp">
      <Filter>소스 파일</Filter>
    </ClCompile>
    <ClCompile Include="005.UI\cUIProgressBar.cpp">
      <Filter>소스 파일</Filter>
    </ClCompile>
    <ClCompile Include="005.UI\cUITextView.cpp">
      <Filter>소스 파일</Filter>
    </ClCompile>
    <ClCompile Include="001.Manager\001.Resource\cMaterialManager.cpp">
      <Filter>소스 파일</Filter>
    </ClCompile>
    <ClCompile Include="002.System\cAdo.cpp">
      <Filter>소스 파일</Filter>
    </ClCompile>
    <ClCompile Include="002.System\cAllocateHierarchy.cpp">
      <Filter>소스 파일</Filter>
    </ClCompile>
    <ClCompile Include="002.System\cAutoReleasePool.cpp">
      <Filter>소스 파일</Filter>
    </ClCompile>
    <ClCompile Include="002.System\cCamera.cpp">
      <Filter>소스 파일</Filter>
    </ClCompile>
    <ClCompile Include="002.System\cMainGame.cpp">
      <Filter>소스 파일</Filter>
    </ClCompile>
    <ClCompile Include="003.Object\cFrustum.cpp">
      <Filter>소스 파일</Filter>
    </ClCompile>
    <ClCompile Include="003.Object\cGameObject.cpp">
      <Filter>소스 파일</Filter>
    </ClCompile>
    <ClCompile Include="003.Object\cObject.cpp">
      <Filter>소스 파일</Filter>
    </ClCompile>
    <ClCompile Include="003.Object\cRay.cpp">
      <Filter>소스 파일</Filter>
    </ClCompile>
    <ClCompile Include="003.Object\cSkinnedMesh.cpp">
      <Filter>소스 파일</Filter>
    </ClCompile>
    <ClCompile Include="003.Object\cSoundObject.cpp">
      <Filter>소스 파일</Filter>
    </ClCompile>
    <ClCompile Include="003.Repository\000.Model\cCharacterModel.cpp">
      <Filter>소스 파일</Filter>
    </ClCompile>
    <ClCompile Include="003.Repository\001.Repository\cCharacterRepository.cpp">
      <Filter>소스 파일</Filter>
    </ClCompile>
    <ClCompile Include="001.Manager\000.System\cDbManager.cpp">
      <Filter>소스 파일</Filter>
    </ClCompile>
    <ClCompile Include="003.Object\cMeshLoader.cpp">
      <Filter>소스 파일</Filter>
    </ClCompile>
    <ClCompile Include="003.Object\cUnitObject.cpp">
      <Filter>소스 파일</Filter>
    </ClCompile>
  </ItemGroup>
  <ItemGroup>
    <ResourceCompile Include="Dx3D.rc">
      <Filter>리소스 파일</Filter>
    </ResourceCompile>
  </ItemGroup>
  <ItemGroup>
    <Image Include="small.ico">
      <Filter>리소스 파일</Filter>
    </Image>
    <Image Include="Dx3D.ico">
      <Filter>리소스 파일</Filter>
    </Image>
  </ItemGroup>
  <ItemGroup>
    <None Include="fmod64.dll" />
    <None Include="Assets\MultiAnimation.vsh" />
  </ItemGroup>
</Project>